<Solution>
  <Folder Name="/Solution Items/">
    <File Path="Readme.txt" />
  </Folder>
  <Project Path="Application.API/Application.API.csproj" />
  <Project Path="Application.Application/Application.Application.csproj" />
  <Project Path="Application.Domain/Application.Domain.csproj" />
  <Project Path="Application.Infrastructure/Application.Infrastructure.csproj" />
  <Project Path="Application.test/Application.test.csproj" />
</Solution>
